
Microsoft Visual Studio Solution File, Format Version 12.00
# Visual Studio Version 18
VisualStudioVersion = 18.8.12021.73 stable
MinimumVisualStudioVersion = 10.0.40219.1
Project("{FAE04EC0-301F-11D3-BF4B-00C04F79EFBC}") = "FYP", "FYP.csproj", "{53DE1E56-B74C-44C3-A884-C16A5BC52B6F}"
EndProject
Global
	GlobalSection(SolutionConfigurationPlatforms) = preSolution
		Debug|Any CPU = Debug|Any CPU
		Release|Any CPU = Release|Any CPU
	EndGlobalSection
	GlobalSection(ProjectConfigurationPlatforms) = postSolution
		{53DE1E56-B74C-44C3-A884-C16A5BC52B6F}.Debug|Any CPU.ActiveCfg = Debug|Any CPU
		{53DE1E56-B74C-44C3-A884-C16A5BC52B6F}.Debug|Any CPU.Build.0 = Debug|Any CPU
		{53DE1E56-B74C-44C3-A884-C16A5BC52B6F}.Release|Any CPU.ActiveCfg = Release|Any CPU
		{53DE1E56-B74C-44C3-A884-C16A5BC52B6F}.Release|Any CPU.Build.0 = Release|Any CPU
	EndGlobalSection
	GlobalSection(SolutionProperties) = preSolution
		HideSolutionNode = FALSE
	EndGlobalSection
	GlobalSection(ExtensibilityGlobals) = postSolution
		SolutionGuid = {E8B6F7E3-E099-4D3F-B6AD-D92FAF79EE8B}
	EndGlobalSection
EndGlobal
